<?xml version="1.0" encoding="utf-8"?>
<Project ToolsVersion="15.0" xmlns="http://schemas.microsoft.com/developer/msbuild/2003">
  <ItemGroup>
    <ClCompile Include="F:\glfw-master\examples\splitview.c">
      <Filter>Source Files</Filter>
    </ClCompile>
    <ClCompile Include="F:\glfw-master\deps\glad.c">
      <Filter>Source Files</Filter>
    </ClCompile>
  </ItemGroup>
  <ItemGroup>
    <ClInclude Include="F:\glfw-master\deps\glad\glad.h">
      <Filter>Header Files</Filter>
    </ClInclude>
  </ItemGroup>
  <ItemGroup>
    <CustomBuild Include="F:\glfw-master\examples\CMakeLists.txt" />
  </ItemGroup>
  <ItemGroup>
    <ResourceCompile Include="F:\glfw-master\examples\glfw.rc">
      <Filter>Source Files</Filter>
    </ResourceCompile>
  </ItemGroup>
  <ItemGroup>
    <Filter Include="Header Files">
      <UniqueIdentifier>{119BFFC8-A6EA-37A6-B153-99463A59F56B}</UniqueIdentifier>
    </Filter>
    <Filter Include="Source Files">
      <UniqueIdentifier>{92979FB9-CFBC-31E5-89F1-F9A0F23D3A44}</UniqueIdentifier>
    </Filter>
  </ItemGroup>
</Project>
