Microsoft Visual Studio Solution File, Format Version 12.00
# Visual Studio 15
Project("{2150E333-8FDC-42A3-9474-1A3956D46DE8}") = "CMakePredefinedTargets", "CMakePredefinedTargets", "{5D9AAFFF-0E8E-32F6-BFCC-540DB8D8E23F}"
EndProject
Project("{2150E333-8FDC-42A3-9474-1A3956D46DE8}") = "GLFW3", "GLFW3", "{BCC249A6-E6A7-31DC-A586-51C9A1A33F7C}"
EndProject
Project("{2150E333-8FDC-42A3-9474-1A3956D46DE8}") = "Examples", "GLFW3\Examples", "{0130A00D-A9CD-3FFF-B7CD-9FE1696CAA4E}"
EndProject
Project("{2150E333-8FDC-42A3-9474-1A3956D46DE8}") = "Tests", "GLFW3\Tests", "{F9B385B8-4E7C-3156-AD90-9367ADEED3D2}"
EndProject
Project("{8BC9CEB8-8B4A-11D0-8D11-00A0C91BC942}") = "ALL_BUILD", "ALL_BUILD.vcxproj", "{1880F2AF-1D2C-33F8-905E-79026B571FC9}"
	ProjectSection(ProjectDependencies) = postProject
		{27B49A38-6648-3FFD-959E-48F0CDCC6CD6} = {27B49A38-6648-3FFD-959E-48F0CDCC6CD6}
		{CEDF8699-6045-3E0B-95BB-1563845427E9} = {CEDF8699-6045-3E0B-95BB-1563845427E9}
		{8898487E-2BC6-37CC-BF93-43771C80DE10} = {8898487E-2BC6-37CC-BF93-43771C80DE10}
		{D66610D7-1868-3DD2-83BE-EE29714AF612} = {D66610D7-1868-3DD2-83BE-EE29714AF612}
		{61A2253A-A350-3ABF-9155-F72D66C9A16D} = {61A2253A-A350-3ABF-9155-F72D66C9A16D}
		{61C5C4BC-7CFF-3EED-85F0-5D2F3725B27A} = {61C5C4BC-7CFF-3EED-85F0-5D2F3725B27A}
		{4AD8B6E8-8AF0-3BC6-8B44-FF14D0AC9A95} = {4AD8B6E8-8AF0-3BC6-8B44-FF14D0AC9A95}
		{F5A5A004-0571-34F8-A3CA-7441DA12A598} = {F5A5A004-0571-34F8-A3CA-7441DA12A598}
		{FA2D91D4-EB45-36EA-9871-84CD57E876B0} = {FA2D91D4-EB45-36EA-9871-84CD57E876B0}
		{1D769407-79D6-300D-8758-5F650849AD5E} = {1D769407-79D6-300D-8758-5F650849AD5E}
		{CB7F8B17-08A6-311A-AD94-C980858B28B3} = {CB7F8B17-08A6-311A-AD94-C980858B28B3}
		{936310D7-61C2-3523-8350-03A59126250C} = {936310D7-61C2-3523-8350-03A59126250C}
		{BD4FDEBC-A3A4-3B3F-B502-B87B56E77180} = {BD4FDEBC-A3A4-3B3F-B502-B87B56E77180}
		{6F9167CF-99DD-3E92-BE4A-CA3BBBDC268E} = {6F9167CF-99DD-3E92-BE4A-CA3BBBDC268E}
		{E04527A7-D5FD-33C5-A080-5B8CEE46D136} = {E04527A7-D5FD-33C5-A080-5B8CEE46D136}
		{2C628821-2CFB-3D44-9C41-DF09AC5750B3} = {2C628821-2CFB-3D44-9C41-DF09AC5750B3}
		{8B7227F5-FD4F-3B70-B5E5-5501E168535A} = {8B7227F5-FD4F-3B70-B5E5-5501E168535A}
		{1CEDAB36-2C52-3BB5-83E7-56D1D257BAAF} = {1CEDAB36-2C52-3BB5-83E7-56D1D257BAAF}
		{2D73CDA8-1C82-3C91-A897-6AAFD9E208D6} = {2D73CDA8-1C82-3C91-A897-6AAFD9E208D6}
		{7CEA64E1-7AB2-314A-82F7-87422E6619F0} = {7CEA64E1-7AB2-314A-82F7-87422E6619F0}
		{4FD5402F-EF95-3150-9F0E-954B2DEB8E0D} = {4FD5402F-EF95-3150-9F0E-954B2DEB8E0D}
		{8E8CDE4B-73A1-3E60-BF0B-CFB79C747E3B} = {8E8CDE4B-73A1-3E60-BF0B-CFB79C747E3B}
		{5A2896D0-03DC-3524-880E-73CD9C595F6A} = {5A2896D0-03DC-3524-880E-73CD9C595F6A}
		{C1EE19A4-FAF3-3AC0-9C28-605F5F090592} = {C1EE19A4-FAF3-3AC0-9C28-605F5F090592}
		{DA2E559A-76ED-3BE1-87A1-BDD30CED6E29} = {DA2E559A-76ED-3BE1-87A1-BDD30CED6E29}
		{D4BC48FD-5159-34B2-8A80-74407590E7C7} = {D4BC48FD-5159-34B2-8A80-74407590E7C7}
		{3336FA45-A92D-3DCF-A00D-E4C6EF57D8F7} = {3336FA45-A92D-3DCF-A00D-E4C6EF57D8F7}
		{8968D5AC-B125-3300-A8EE-B416949562AD} = {8968D5AC-B125-3300-A8EE-B416949562AD}
		{4BD11F21-733B-3646-BFE7-563CD9E9845F} = {4BD11F21-733B-3646-BFE7-563CD9E9845F}
		{6FE8270C-D332-31C7-9A58-42F37FC0432C} = {6FE8270C-D332-31C7-9A58-42F37FC0432C}
	EndProjectSection
EndProject
Project("{8BC9CEB8-8B4A-11D0-8D11-00A0C91BC942}") = "INSTALL", "INSTALL.vcxproj", "{E4557E6B-90A4-3A34-B69C-168F2C8514A3}"
	ProjectSection(ProjectDependencies) = postProject
		{1880F2AF-1D2C-33F8-905E-79026B571FC9} = {1880F2AF-1D2C-33F8-905E-79026B571FC9}
		{27B49A38-6648-3FFD-959E-48F0CDCC6CD6} = {27B49A38-6648-3FFD-959E-48F0CDCC6CD6}
	EndProjectSection
EndProject
Project("{8BC9CEB8-8B4A-11D0-8D11-00A0C91BC942}") = "ZERO_CHECK", "ZERO_CHECK.vcxproj", "{27B49A38-6648-3FFD-959E-48F0CDCC6CD6}"
	ProjectSection(ProjectDependencies) = postProject
	EndProjectSection
EndProject
Project("{8BC9CEB8-8B4A-11D0-8D11-00A0C91BC942}") = "boing", "examples\boing.vcxproj", "{CEDF8699-6045-3E0B-95BB-1563845427E9}"
	ProjectSection(ProjectDependencies) = postProject
		{27B49A38-6648-3FFD-959E-48F0CDCC6CD6} = {27B49A38-6648-3FFD-959E-48F0CDCC6CD6}
		{FA2D91D4-EB45-36EA-9871-84CD57E876B0} = {FA2D91D4-EB45-36EA-9871-84CD57E876B0}
	EndProjectSection
EndProject
Project("{8BC9CEB8-8B4A-11D0-8D11-00A0C91BC942}") = "clipboard", "tests\clipboard.vcxproj", "{8898487E-2BC6-37CC-BF93-43771C80DE10}"
	ProjectSection(ProjectDependencies) = postProject
		{27B49A38-6648-3FFD-959E-48F0CDCC6CD6} = {27B49A38-6648-3FFD-959E-48F0CDCC6CD6}
		{FA2D91D4-EB45-36EA-9871-84CD57E876B0} = {FA2D91D4-EB45-36EA-9871-84CD57E876B0}
	EndProjectSection
EndProject
Project("{8BC9CEB8-8B4A-11D0-8D11-00A0C91BC942}") = "cursor", "tests\cursor.vcxproj", "{D66610D7-1868-3DD2-83BE-EE29714AF612}"
	ProjectSection(ProjectDependencies) = postProject
		{27B49A38-6648-3FFD-959E-48F0CDCC6CD6} = {27B49A38-6648-3FFD-959E-48F0CDCC6CD6}
		{FA2D91D4-EB45-36EA-9871-84CD57E876B0} = {FA2D91D4-EB45-36EA-9871-84CD57E876B0}
	EndProjectSection
EndProject
Project("{8BC9CEB8-8B4A-11D0-8D11-00A0C91BC942}") = "empty", "tests\empty.vcxproj", "{61A2253A-A350-3ABF-9155-F72D66C9A16D}"
	ProjectSection(ProjectDependencies) = postProject
		{27B49A38-6648-3FFD-959E-48F0CDCC6CD6} = {27B49A38-6648-3FFD-959E-48F0CDCC6CD6}
		{FA2D91D4-EB45-36EA-9871-84CD57E876B0} = {FA2D91D4-EB45-36EA-9871-84CD57E876B0}
	EndProjectSection
EndProject
Project("{8BC9CEB8-8B4A-11D0-8D11-00A0C91BC942}") = "events", "tests\events.vcxproj", "{61C5C4BC-7CFF-3EED-85F0-5D2F3725B27A}"
	ProjectSection(ProjectDependencies) = postProject
		{27B49A38-6648-3FFD-959E-48F0CDCC6CD6} = {27B49A38-6648-3FFD-959E-48F0CDCC6CD6}
		{FA2D91D4-EB45-36EA-9871-84CD57E876B0} = {FA2D91D4-EB45-36EA-9871-84CD57E876B0}
	EndProjectSection
EndProject
Project("{8BC9CEB8-8B4A-11D0-8D11-00A0C91BC942}") = "gamma", "tests\gamma.vcxproj", "{4AD8B6E8-8AF0-3BC6-8B44-FF14D0AC9A95}"
	ProjectSection(ProjectDependencies) = postProject
		{27B49A38-6648-3FFD-959E-48F0CDCC6CD6} = {27B49A38-6648-3FFD-959E-48F0CDCC6CD6}
		{FA2D91D4-EB45-36EA-9871-84CD57E876B0} = {FA2D91D4-EB45-36EA-9871-84CD57E876B0}
	EndProjectSection
EndProject
Project("{8BC9CEB8-8B4A-11D0-8D11-00A0C91BC942}") = "gears", "examples\gears.vcxproj", "{F5A5A004-0571-34F8-A3CA-7441DA12A598}"
	ProjectSection(ProjectDependencies) = postProject
		{27B49A38-6648-3FFD-959E-48F0CDCC6CD6} = {27B49A38-6648-3FFD-959E-48F0CDCC6CD6}
		{FA2D91D4-EB45-36EA-9871-84CD57E876B0} = {FA2D91D4-EB45-36EA-9871-84CD57E876B0}
	EndProjectSection
EndProject
Project("{8BC9CEB8-8B4A-11D0-8D11-00A0C91BC942}") = "glfw", "src\glfw.vcxproj", "{FA2D91D4-EB45-36EA-9871-84CD57E876B0}"
	ProjectSection(ProjectDependencies) = postProject
		{27B49A38-6648-3FFD-959E-48F0CDCC6CD6} = {27B49A38-6648-3FFD-959E-48F0CDCC6CD6}
	EndProjectSection
EndProject
Project("{8BC9CEB8-8B4A-11D0-8D11-00A0C91BC942}") = "glfwinfo", "tests\glfwinfo.vcxproj", "{1D769407-79D6-300D-8758-5F650849AD5E}"
	ProjectSection(ProjectDependencies) = postProject
		{27B49A38-6648-3FFD-959E-48F0CDCC6CD6} = {27B49A38-6648-3FFD-959E-48F0CDCC6CD6}
		{FA2D91D4-EB45-36EA-9871-84CD57E876B0} = {FA2D91D4-EB45-36EA-9871-84CD57E876B0}
	EndProjectSection
EndProject
Project("{8BC9CEB8-8B4A-11D0-8D11-00A0C91BC942}") = "heightmap", "examples\heightmap.vcxproj", "{CB7F8B17-08A6-311A-AD94-C980858B28B3}"
	ProjectSection(ProjectDependencies) = postProject
		{27B49A38-6648-3FFD-959E-48F0CDCC6CD6} = {27B49A38-6648-3FFD-959E-48F0CDCC6CD6}
		{FA2D91D4-EB45-36EA-9871-84CD57E876B0} = {FA2D91D4-EB45-36EA-9871-84CD57E876B0}
	EndProjectSection
EndProject
Project("{8BC9CEB8-8B4A-11D0-8D11-00A0C91BC942}") = "icon", "tests\icon.vcxproj", "{936310D7-61C2-3523-8350-03A59126250C}"
	ProjectSection(ProjectDependencies) = postProject
		{27B49A38-6648-3FFD-959E-48F0CDCC6CD6} = {27B49A38-6648-3FFD-959E-48F0CDCC6CD6}
		{FA2D91D4-EB45-36EA-9871-84CD57E876B0} = {FA2D91D4-EB45-36EA-9871-84CD57E876B0}
	EndProjectSection
EndProject
Project("{8BC9CEB8-8B4A-11D0-8D11-00A0C91BC942}") = "iconify", "tests\iconify.vcxproj", "{BD4FDEBC-A3A4-3B3F-B502-B87B56E77180}"
	ProjectSection(ProjectDependencies) = postProject
		{27B49A38-6648-3FFD-959E-48F0CDCC6CD6} = {27B49A38-6648-3FFD-959E-48F0CDCC6CD6}
		{FA2D91D4-EB45-36EA-9871-84CD57E876B0} = {FA2D91D4-EB45-36EA-9871-84CD57E876B0}
	EndProjectSection
EndProject
Project("{8BC9CEB8-8B4A-11D0-8D11-00A0C91BC942}") = "inputlag", "tests\inputlag.vcxproj", "{6F9167CF-99DD-3E92-BE4A-CA3BBBDC268E}"
	ProjectSection(ProjectDependencies) = postProject
		{27B49A38-6648-3FFD-959E-48F0CDCC6CD6} = {27B49A38-6648-3FFD-959E-48F0CDCC6CD6}
		{FA2D91D4-EB45-36EA-9871-84CD57E876B0} = {FA2D91D4-EB45-36EA-9871-84CD57E876B0}
	EndProjectSection
EndProject
Project("{8BC9CEB8-8B4A-11D0-8D11-00A0C91BC942}") = "joysticks", "tests\joysticks.vcxproj", "{E04527A7-D5FD-33C5-A080-5B8CEE46D136}"
	ProjectSection(ProjectDependencies) = postProject
		{27B49A38-6648-3FFD-959E-48F0CDCC6CD6} = {27B49A38-6648-3FFD-959E-48F0CDCC6CD6}
		{FA2D91D4-EB45-36EA-9871-84CD57E876B0} = {FA2D91D4-EB45-36EA-9871-84CD57E876B0}
	EndProjectSection
EndProject
Project("{8BC9CEB8-8B4A-11D0-8D11-00A0C91BC942}") = "monitors", "tests\monitors.vcxproj", "{2C628821-2CFB-3D44-9C41-DF09AC5750B3}"
	ProjectSection(ProjectDependencies) = postProject
		{27B49A38-6648-3FFD-959E-48F0CDCC6CD6} = {27B49A38-6648-3FFD-959E-48F0CDCC6CD6}
		{FA2D91D4-EB45-36EA-9871-84CD57E876B0} = {FA2D91D4-EB45-36EA-9871-84CD57E876B0}
	EndProjectSection
EndProject
Project("{8BC9CEB8-8B4A-11D0-8D11-00A0C91BC942}") = "msaa", "tests\msaa.vcxproj", "{8B7227F5-FD4F-3B70-B5E5-5501E168535A}"
	ProjectSection(ProjectDependencies) = postProject
		{27B49A38-6648-3FFD-959E-48F0CDCC6CD6} = {27B49A38-6648-3FFD-959E-48F0CDCC6CD6}
		{FA2D91D4-EB45-36EA-9871-84CD57E876B0} = {FA2D91D4-EB45-36EA-9871-84CD57E876B0}
	EndProjectSection
EndProject
Project("{8BC9CEB8-8B4A-11D0-8D11-00A0C91BC942}") = "offscreen", "examples\offscreen.vcxproj", "{1CEDAB36-2C52-3BB5-83E7-56D1D257BAAF}"
	ProjectSection(ProjectDependencies) = postProject
		{27B49A38-6648-3FFD-959E-48F0CDCC6CD6} = {27B49A38-6648-3FFD-959E-48F0CDCC6CD6}
		{FA2D91D4-EB45-36EA-9871-84CD57E876B0} = {FA2D91D4-EB45-36EA-9871-84CD57E876B0}
	EndProjectSection
EndProject
Project("{8BC9CEB8-8B4A-11D0-8D11-00A0C91BC942}") = "opacity", "tests\opacity.vcxproj", "{2D73CDA8-1C82-3C91-A897-6AAFD9E208D6}"
	ProjectSection(ProjectDependencies) = postProject
		{27B49A38-6648-3FFD-959E-48F0CDCC6CD6} = {27B49A38-6648-3FFD-959E-48F0CDCC6CD6}
		{FA2D91D4-EB45-36EA-9871-84CD57E876B0} = {FA2D91D4-EB45-36EA-9871-84CD57E876B0}
	EndProjectSection
EndProject
Project("{8BC9CEB8-8B4A-11D0-8D11-00A0C91BC942}") = "particles", "examples\particles.vcxproj", "{7CEA64E1-7AB2-314A-82F7-87422E6619F0}"
	ProjectSection(ProjectDependencies) = postProject
		{27B49A38-6648-3FFD-959E-48F0CDCC6CD6} = {27B49A38-6648-3FFD-959E-48F0CDCC6CD6}
		{FA2D91D4-EB45-36EA-9871-84CD57E876B0} = {FA2D91D4-EB45-36EA-9871-84CD57E876B0}
	EndProjectSection
EndProject
Project("{8BC9CEB8-8B4A-11D0-8D11-00A0C91BC942}") = "reopen", "tests\reopen.vcxproj", "{4FD5402F-EF95-3150-9F0E-954B2DEB8E0D}"
	ProjectSection(ProjectDependencies) = postProject
		{27B49A38-6648-3FFD-959E-48F0CDCC6CD6} = {27B49A38-6648-3FFD-959E-48F0CDCC6CD6}
		{FA2D91D4-EB45-36EA-9871-84CD57E876B0} = {FA2D91D4-EB45-36EA-9871-84CD57E876B0}
	EndProjectSection
EndProject
Project("{8BC9CEB8-8B4A-11D0-8D11-00A0C91BC942}") = "sharing", "examples\sharing.vcxproj", "{8E8CDE4B-73A1-3E60-BF0B-CFB79C747E3B}"
	ProjectSection(ProjectDependencies) = postProject
		{27B49A38-6648-3FFD-959E-48F0CDCC6CD6} = {27B49A38-6648-3FFD-959E-48F0CDCC6CD6}
		{FA2D91D4-EB45-36EA-9871-84CD57E876B0} = {FA2D91D4-EB45-36EA-9871-84CD57E876B0}
	EndProjectSection
EndProject
Project("{8BC9CEB8-8B4A-11D0-8D11-00A0C91BC942}") = "simple", "examples\simple.vcxproj", "{5A2896D0-03DC-3524-880E-73CD9C595F6A}"
	ProjectSection(ProjectDependencies) = postProject
		{27B49A38-6648-3FFD-959E-48F0CDCC6CD6} = {27B49A38-6648-3FFD-959E-48F0CDCC6CD6}
		{FA2D91D4-EB45-36EA-9871-84CD57E876B0} = {FA2D91D4-EB45-36EA-9871-84CD57E876B0}
	EndProjectSection
EndProject
Project("{8BC9CEB8-8B4A-11D0-8D11-00A0C91BC942}") = "splitview", "examples\splitview.vcxproj", "{C1EE19A4-FAF3-3AC0-9C28-605F5F090592}"
	ProjectSection(ProjectDependencies) = postProject
		{27B49A38-6648-3FFD-959E-48F0CDCC6CD6} = {27B49A38-6648-3FFD-959E-48F0CDCC6CD6}
		{FA2D91D4-EB45-36EA-9871-84CD57E876B0} = {FA2D91D4-EB45-36EA-9871-84CD57E876B0}
	EndProjectSection
EndProject
Project("{8BC9CEB8-8B4A-11D0-8D11-00A0C91BC942}") = "tearing", "tests\tearing.vcxproj", "{DA2E559A-76ED-3BE1-87A1-BDD30CED6E29}"
	ProjectSection(ProjectDependencies) = postProject
		{27B49A38-6648-3FFD-959E-48F0CDCC6CD6} = {27B49A38-6648-3FFD-959E-48F0CDCC6CD6}
		{FA2D91D4-EB45-36EA-9871-84CD57E876B0} = {FA2D91D4-EB45-36EA-9871-84CD57E876B0}
	EndProjectSection
EndProject
Project("{8BC9CEB8-8B4A-11D0-8D11-00A0C91BC942}") = "threads", "tests\threads.vcxproj", "{D4BC48FD-5159-34B2-8A80-74407590E7C7}"
	ProjectSection(ProjectDependencies) = postProject
		{27B49A38-6648-3FFD-959E-48F0CDCC6CD6} = {27B49A38-6648-3FFD-959E-48F0CDCC6CD6}
		{FA2D91D4-EB45-36EA-9871-84CD57E876B0} = {FA2D91D4-EB45-36EA-9871-84CD57E876B0}
	EndProjectSection
EndProject
Project("{8BC9CEB8-8B4A-11D0-8D11-00A0C91BC942}") = "timeout", "tests\timeout.vcxproj", "{3336FA45-A92D-3DCF-A00D-E4C6EF57D8F7}"
	ProjectSection(ProjectDependencies) = postProject
		{27B49A38-6648-3FFD-959E-48F0CDCC6CD6} = {27B49A38-6648-3FFD-959E-48F0CDCC6CD6}
		{FA2D91D4-EB45-36EA-9871-84CD57E876B0} = {FA2D91D4-EB45-36EA-9871-84CD57E876B0}
	EndProjectSection
EndProject
Project("{8BC9CEB8-8B4A-11D0-8D11-00A0C91BC942}") = "title", "tests\title.vcxproj", "{8968D5AC-B125-3300-A8EE-B416949562AD}"
	ProjectSection(ProjectDependencies) = postProject
		{27B49A38-6648-3FFD-959E-48F0CDCC6CD6} = {27B49A38-6648-3FFD-959E-48F0CDCC6CD6}
		{FA2D91D4-EB45-36EA-9871-84CD57E876B0} = {FA2D91D4-EB45-36EA-9871-84CD57E876B0}
	EndProjectSection
EndProject
Project("{8BC9CEB8-8B4A-11D0-8D11-00A0C91BC942}") = "uninstall", "uninstall.vcxproj", "{334B10CA-BDD7-3D21-B7A8-6FF83964BB9B}"
	ProjectSection(ProjectDependencies) = postProject
		{27B49A38-6648-3FFD-959E-48F0CDCC6CD6} = {27B49A38-6648-3FFD-959E-48F0CDCC6CD6}
	EndProjectSection
EndProject
Project("{8BC9CEB8-8B4A-11D0-8D11-00A0C91BC942}") = "wave", "examples\wave.vcxproj", "{4BD11F21-733B-3646-BFE7-563CD9E9845F}"
	ProjectSection(ProjectDependencies) = postProject
		{27B49A38-6648-3FFD-959E-48F0CDCC6CD6} = {27B49A38-6648-3FFD-959E-48F0CDCC6CD6}
		{FA2D91D4-EB45-36EA-9871-84CD57E876B0} = {FA2D91D4-EB45-36EA-9871-84CD57E876B0}
	EndProjectSection
EndProject
Project("{8BC9CEB8-8B4A-11D0-8D11-00A0C91BC942}") = "windows", "tests\windows.vcxproj", "{6FE8270C-D332-31C7-9A58-42F37FC0432C}"
	ProjectSection(ProjectDependencies) = postProject
		{27B49A38-6648-3FFD-959E-48F0CDCC6CD6} = {27B49A38-6648-3FFD-959E-48F0CDCC6CD6}
		{FA2D91D4-EB45-36EA-9871-84CD57E876B0} = {FA2D91D4-EB45-36EA-9871-84CD57E876B0}
	EndProjectSection
EndProject
Global
	GlobalSection(SolutionConfigurationPlatforms) = preSolution
		Debug|Win32 = Debug|Win32
		Release|Win32 = Release|Win32
		MinSizeRel|Win32 = MinSizeRel|Win32
		RelWithDebInfo|Win32 = RelWithDebInfo|Win32
	EndGlobalSection
	GlobalSection(ProjectConfigurationPlatforms) = postSolution
		{1880F2AF-1D2C-33F8-905E-79026B571FC9}.Debug|Win32.ActiveCfg = Debug|Win32
		{1880F2AF-1D2C-33F8-905E-79026B571FC9}.Debug|Win32.Build.0 = Debug|Win32
		{1880F2AF-1D2C-33F8-905E-79026B571FC9}.Release|Win32.ActiveCfg = Release|Win32
		{1880F2AF-1D2C-33F8-905E-79026B571FC9}.Release|Win32.Build.0 = Release|Win32
		{1880F2AF-1D2C-33F8-905E-79026B571FC9}.MinSizeRel|Win32.ActiveCfg = MinSizeRel|Win32
		{1880F2AF-1D2C-33F8-905E-79026B571FC9}.MinSizeRel|Win32.Build.0 = MinSizeRel|Win32
		{1880F2AF-1D2C-33F8-905E-79026B571FC9}.RelWithDebInfo|Win32.ActiveCfg = RelWithDebInfo|Win32
		{1880F2AF-1D2C-33F8-905E-79026B571FC9}.RelWithDebInfo|Win32.Build.0 = RelWithDebInfo|Win32
		{E4557E6B-90A4-3A34-B69C-168F2C8514A3}.Debug|Win32.ActiveCfg = Debug|Win32
		{E4557E6B-90A4-3A34-B69C-168F2C8514A3}.Release|Win32.ActiveCfg = Release|Win32
		{E4557E6B-90A4-3A34-B69C-168F2C8514A3}.MinSizeRel|Win32.ActiveCfg = MinSizeRel|Win32
		{E4557E6B-90A4-3A34-B69C-168F2C8514A3}.RelWithDebInfo|Win32.ActiveCfg = RelWithDebInfo|Win32
		{27B49A38-6648-3FFD-959E-48F0CDCC6CD6}.Debug|Win32.ActiveCfg = Debug|Win32
		{27B49A38-6648-3FFD-959E-48F0CDCC6CD6}.Debug|Win32.Build.0 = Debug|Win32
		{27B49A38-6648-3FFD-959E-48F0CDCC6CD6}.Release|Win32.ActiveCfg = Release|Win32
		{27B49A38-6648-3FFD-959E-48F0CDCC6CD6}.Release|Win32.Build.0 = Release|Win32
		{27B49A38-6648-3FFD-959E-48F0CDCC6CD6}.MinSizeRel|Win32.ActiveCfg = MinSizeRel|Win32
		{27B49A38-6648-3FFD-959E-48F0CDCC6CD6}.MinSizeRel|Win32.Build.0 = MinSizeRel|Win32
		{27B49A38-6648-3FFD-959E-48F0CDCC6CD6}.RelWithDebInfo|Win32.ActiveCfg = RelWithDebInfo|Win32
		{27B49A38-6648-3FFD-959E-48F0CDCC6CD6}.RelWithDebInfo|Win32.Build.0 = RelWithDebInfo|Win32
		{CEDF8699-6045-3E0B-95BB-1563845427E9}.Debug|Win32.ActiveCfg = Debug|Win32
		{CEDF8699-6045-3E0B-95BB-1563845427E9}.Debug|Win32.Build.0 = Debug|Win32
		{CEDF8699-6045-3E0B-95BB-1563845427E9}.Release|Win32.ActiveCfg = Release|Win32
		{CEDF8699-6045-3E0B-95BB-1563845427E9}.Release|Win32.Build.0 = Release|Win32
		{CEDF8699-6045-3E0B-95BB-1563845427E9}.MinSizeRel|Win32.ActiveCfg = MinSizeRel|Win32
		{CEDF8699-6045-3E0B-95BB-1563845427E9}.MinSizeRel|Win32.Build.0 = MinSizeRel|Win32
		{CEDF8699-6045-3E0B-95BB-1563845427E9}.RelWithDebInfo|Win32.ActiveCfg = RelWithDebInfo|Win32
		{CEDF8699-6045-3E0B-95BB-1563845427E9}.RelWithDebInfo|Win32.Build.0 = RelWithDebInfo|Win32
		{8898487E-2BC6-37CC-BF93-43771C80DE10}.Debug|Win32.ActiveCfg = Debug|Win32
		{8898487E-2BC6-37CC-BF93-43771C80DE10}.Debug|Win32.Build.0 = Debug|Win32
		{8898487E-2BC6-37CC-BF93-43771C80DE10}.Release|Win32.ActiveCfg = Release|Win32
		{8898487E-2BC6-37CC-BF93-43771C80DE10}.Release|Win32.Build.0 = Release|Win32
		{8898487E-2BC6-37CC-BF93-43771C80DE10}.MinSizeRel|Win32.ActiveCfg = MinSizeRel|Win32
		{8898487E-2BC6-37CC-BF93-43771C80DE10}.MinSizeRel|Win32.Build.0 = MinSizeRel|Win32
		{8898487E-2BC6-37CC-BF93-43771C80DE10}.RelWithDebInfo|Win32.ActiveCfg = RelWithDebInfo|Win32
		{8898487E-2BC6-37CC-BF93-43771C80DE10}.RelWithDebInfo|Win32.Build.0 = RelWithDebInfo|Win32
		{D66610D7-1868-3DD2-83BE-EE29714AF612}.Debug|Win32.ActiveCfg = Debug|Win32
		{D66610D7-1868-3DD2-83BE-EE29714AF612}.Debug|Win32.Build.0 = Debug|Win32
		{D66610D7-1868-3DD2-83BE-EE29714AF612}.Release|Win32.ActiveCfg = Release|Win32
		{D66610D7-1868-3DD2-83BE-EE29714AF612}.Release|Win32.Build.0 = Release|Win32
		{D66610D7-1868-3DD2-83BE-EE29714AF612}.MinSizeRel|Win32.ActiveCfg = MinSizeRel|Win32
		{D66610D7-1868-3DD2-83BE-EE29714AF612}.MinSizeRel|Win32.Build.0 = MinSizeRel|Win32
		{D66610D7-1868-3DD2-83BE-EE29714AF612}.RelWithDebInfo|Win32.ActiveCfg = RelWithDebInfo|Win32
		{D66610D7-1868-3DD2-83BE-EE29714AF612}.RelWithDebInfo|Win32.Build.0 = RelWithDebInfo|Win32
		{61A2253A-A350-3ABF-9155-F72D66C9A16D}.Debug|Win32.ActiveCfg = Debug|Win32
		{61A2253A-A350-3ABF-9155-F72D66C9A16D}.Debug|Win32.Build.0 = Debug|Win32
		{61A2253A-A350-3ABF-9155-F72D66C9A16D}.Release|Win32.ActiveCfg = Release|Win32
		{61A2253A-A350-3ABF-9155-F72D66C9A16D}.Release|Win32.Build.0 = Release|Win32
		{61A2253A-A350-3ABF-9155-F72D66C9A16D}.MinSizeRel|Win32.ActiveCfg = MinSizeRel|Win32
		{61A2253A-A350-3ABF-9155-F72D66C9A16D}.MinSizeRel|Win32.Build.0 = MinSizeRel|Win32
		{61A2253A-A350-3ABF-9155-F72D66C9A16D}.RelWithDebInfo|Win32.ActiveCfg = RelWithDebInfo|Win32
		{61A2253A-A350-3ABF-9155-F72D66C9A16D}.RelWithDebInfo|Win32.Build.0 = RelWithDebInfo|Win32
		{61C5C4BC-7CFF-3EED-85F0-5D2F3725B27A}.Debug|Win32.ActiveCfg = Debug|Win32
		{61C5C4BC-7CFF-3EED-85F0-5D2F3725B27A}.Debug|Win32.Build.0 = Debug|Win32
		{61C5C4BC-7CFF-3EED-85F0-5D2F3725B27A}.Release|Win32.ActiveCfg = Release|Win32
		{61C5C4BC-7CFF-3EED-85F0-5D2F3725B27A}.Release|Win32.Build.0 = Release|Win32
		{61C5C4BC-7CFF-3EED-85F0-5D2F3725B27A}.MinSizeRel|Win32.ActiveCfg = MinSizeRel|Win32
		{61C5C4BC-7CFF-3EED-85F0-5D2F3725B27A}.MinSizeRel|Win32.Build.0 = MinSizeRel|Win32
		{61C5C4BC-7CFF-3EED-85F0-5D2F3725B27A}.RelWithDebInfo|Win32.ActiveCfg = RelWithDebInfo|Win32
		{61C5C4BC-7CFF-3EED-85F0-5D2F3725B27A}.RelWithDebInfo|Win32.Build.0 = RelWithDebInfo|Win32
		{4AD8B6E8-8AF0-3BC6-8B44-FF14D0AC9A95}.Debug|Win32.ActiveCfg = Debug|Win32
		{4AD8B6E8-8AF0-3BC6-8B44-FF14D0AC9A95}.Debug|Win32.Build.0 = Debug|Win32
		{4AD8B6E8-8AF0-3BC6-8B44-FF14D0AC9A95}.Release|Win32.ActiveCfg = Release|Win32
		{4AD8B6E8-8AF0-3BC6-8B44-FF14D0AC9A95}.Release|Win32.Build.0 = Release|Win32
		{4AD8B6E8-8AF0-3BC6-8B44-FF14D0AC9A95}.MinSizeRel|Win32.ActiveCfg = MinSizeRel|Win32
		{4AD8B6E8-8AF0-3BC6-8B44-FF14D0AC9A95}.MinSizeRel|Win32.Build.0 = MinSizeRel|Win32
		{4AD8B6E8-8AF0-3BC6-8B44-FF14D0AC9A95}.RelWithDebInfo|Win32.ActiveCfg = RelWithDebInfo|Win32
		{4AD8B6E8-8AF0-3BC6-8B44-FF14D0AC9A95}.RelWithDebInfo|Win32.Build.0 = RelWithDebInfo|Win32
		{F5A5A004-0571-34F8-A3CA-7441DA12A598}.Debug|Win32.ActiveCfg = Debug|Win32
		{F5A5A004-0571-34F8-A3CA-7441DA12A598}.Debug|Win32.Build.0 = Debug|Win32
		{F5A5A004-0571-34F8-A3CA-7441DA12A598}.Release|Win32.ActiveCfg = Release|Win32
		{F5A5A004-0571-34F8-A3CA-7441DA12A598}.Release|Win32.Build.0 = Release|Win32
		{F5A5A004-0571-34F8-A3CA-7441DA12A598}.MinSizeRel|Win32.ActiveCfg = MinSizeRel|Win32
		{F5A5A004-0571-34F8-A3CA-7441DA12A598}.MinSizeRel|Win32.Build.0 = MinSizeRel|Win32
		{F5A5A004-0571-34F8-A3CA-7441DA12A598}.RelWithDebInfo|Win32.ActiveCfg = RelWithDebInfo|Win32
		{F5A5A004-0571-34F8-A3CA-7441DA12A598}.RelWithDebInfo|Win32.Build.0 = RelWithDebInfo|Win32
		{FA2D91D4-EB45-36EA-9871-84CD57E876B0}.Debug|Win32.ActiveCfg = Debug|Win32
		{FA2D91D4-EB45-36EA-9871-84CD57E876B0}.Debug|Win32.Build.0 = Debug|Win32
		{FA2D91D4-EB45-36EA-9871-84CD57E876B0}.Release|Win32.ActiveCfg = Release|Win32
		{FA2D91D4-EB45-36EA-9871-84CD57E876B0}.Release|Win32.Build.0 = Release|Win32
		{FA2D91D4-EB45-36EA-9871-84CD57E876B0}.MinSizeRel|Win32.ActiveCfg = MinSizeRel|Win32
		{FA2D91D4-EB45-36EA-9871-84CD57E876B0}.MinSizeRel|Win32.Build.0 = MinSizeRel|Win32
		{FA2D91D4-EB45-36EA-9871-84CD57E876B0}.RelWithDebInfo|Win32.ActiveCfg = RelWithDebInfo|Win32
		{FA2D91D4-EB45-36EA-9871-84CD57E876B0}.RelWithDebInfo|Win32.Build.0 = RelWithDebInfo|Win32
		{1D769407-79D6-300D-8758-5F650849AD5E}.Debug|Win32.ActiveCfg = Debug|Win32
		{1D769407-79D6-300D-8758-5F650849AD5E}.Debug|Win32.Build.0 = Debug|Win32
		{1D769407-79D6-300D-8758-5F650849AD5E}.Release|Win32.ActiveCfg = Release|Win32
		{1D769407-79D6-300D-8758-5F650849AD5E}.Release|Win32.Build.0 = Release|Win32
		{1D769407-79D6-300D-8758-5F650849AD5E}.MinSizeRel|Win32.ActiveCfg = MinSizeRel|Win32
		{1D769407-79D6-300D-8758-5F650849AD5E}.MinSizeRel|Win32.Build.0 = MinSizeRel|Win32
		{1D769407-79D6-300D-8758-5F650849AD5E}.RelWithDebInfo|Win32.ActiveCfg = RelWithDebInfo|Win32
		{1D769407-79D6-300D-8758-5F650849AD5E}.RelWithDebInfo|Win32.Build.0 = RelWithDebInfo|Win32
		{CB7F8B17-08A6-311A-AD94-C980858B28B3}.Debug|Win32.ActiveCfg = Debug|Win32
		{CB7F8B17-08A6-311A-AD94-C980858B28B3}.Debug|Win32.Build.0 = Debug|Win32
		{CB7F8B17-08A6-311A-AD94-C980858B28B3}.Release|Win32.ActiveCfg = Release|Win32
		{CB7F8B17-08A6-311A-AD94-C980858B28B3}.Release|Win32.Build.0 = Release|Win32
		{CB7F8B17-08A6-311A-AD94-C980858B28B3}.MinSizeRel|Win32.ActiveCfg = MinSizeRel|Win32
		{CB7F8B17-08A6-311A-AD94-C980858B28B3}.MinSizeRel|Win32.Build.0 = MinSizeRel|Win32
		{CB7F8B17-08A6-311A-AD94-C980858B28B3}.RelWithDebInfo|Win32.ActiveCfg = RelWithDebInfo|Win32
		{CB7F8B17-08A6-311A-AD94-C980858B28B3}.RelWithDebInfo|Win32.Build.0 = RelWithDebInfo|Win32
		{936310D7-61C2-3523-8350-03A59126250C}.Debug|Win32.ActiveCfg = Debug|Win32
		{936310D7-61C2-3523-8350-03A59126250C}.Debug|Win32.Build.0 = Debug|Win32
		{936310D7-61C2-3523-8350-03A59126250C}.Release|Win32.ActiveCfg = Release|Win32
		{936310D7-61C2-3523-8350-03A59126250C}.Release|Win32.Build.0 = Release|Win32
		{936310D7-61C2-3523-8350-03A59126250C}.MinSizeRel|Win32.ActiveCfg = MinSizeRel|Win32
		{936310D7-61C2-3523-8350-03A59126250C}.MinSizeRel|Win32.Build.0 = MinSizeRel|Win32
		{936310D7-61C2-3523-8350-03A59126250C}.RelWithDebInfo|Win32.ActiveCfg = RelWithDebInfo|Win32
		{936310D7-61C2-3523-8350-03A59126250C}.RelWithDebInfo|Win32.Build.0 = RelWithDebInfo|Win32
		{BD4FDEBC-A3A4-3B3F-B502-B87B56E77180}.Debug|Win32.ActiveCfg = Debug|Win32
		{BD4FDEBC-A3A4-3B3F-B502-B87B56E77180}.Debug|Win32.Build.0 = Debug|Win32
		{BD4FDEBC-A3A4-3B3F-B502-B87B56E77180}.Release|Win32.ActiveCfg = Release|Win32
		{BD4FDEBC-A3A4-3B3F-B502-B87B56E77180}.Release|Win32.Build.0 = Release|Win32
		{BD4FDEBC-A3A4-3B3F-B502-B87B56E77180}.MinSizeRel|Win32.ActiveCfg = MinSizeRel|Win32
		{BD4FDEBC-A3A4-3B3F-B502-B87B56E77180}.MinSizeRel|Win32.Build.0 = MinSizeRel|Win32
		{BD4FDEBC-A3A4-3B3F-B502-B87B56E77180}.RelWithDebInfo|Win32.ActiveCfg = RelWithDebInfo|Win32
		{BD4FDEBC-A3A4-3B3F-B502-B87B56E77180}.RelWithDebInfo|Win32.Build.0 = RelWithDebInfo|Win32
		{6F9167CF-99DD-3E92-BE4A-CA3BBBDC268E}.Debug|Win32.ActiveCfg = Debug|Win32
		{6F9167CF-99DD-3E92-BE4A-CA3BBBDC268E}.Debug|Win32.Build.0 = Debug|Win32
		{6F9167CF-99DD-3E92-BE4A-CA3BBBDC268E}.Release|Win32.ActiveCfg = Release|Win32
		{6F9167CF-99DD-3E92-BE4A-CA3BBBDC268E}.Release|Win32.Build.0 = Release|Win32
		{6F9167CF-99DD-3E92-BE4A-CA3BBBDC268E}.MinSizeRel|Win32.ActiveCfg = MinSizeRel|Win32
		{6F9167CF-99DD-3E92-BE4A-CA3BBBDC268E}.MinSizeRel|Win32.Build.0 = MinSizeRel|Win32
		{6F9167CF-99DD-3E92-BE4A-CA3BBBDC268E}.RelWithDebInfo|Win32.ActiveCfg = RelWithDebInfo|Win32
		{6F9167CF-99DD-3E92-BE4A-CA3BBBDC268E}.RelWithDebInfo|Win32.Build.0 = RelWithDebInfo|Win32
		{E04527A7-D5FD-33C5-A080-5B8CEE46D136}.Debug|Win32.ActiveCfg = Debug|Win32
		{E04527A7-D5FD-33C5-A080-5B8CEE46D136}.Debug|Win32.Build.0 = Debug|Win32
		{E04527A7-D5FD-33C5-A080-5B8CEE46D136}.Release|Win32.ActiveCfg = Release|Win32
		{E04527A7-D5FD-33C5-A080-5B8CEE46D136}.Release|Win32.Build.0 = Release|Win32
		{E04527A7-D5FD-33C5-A080-5B8CEE46D136}.MinSizeRel|Win32.ActiveCfg = MinSizeRel|Win32
		{E04527A7-D5FD-33C5-A080-5B8CEE46D136}.MinSizeRel|Win32.Build.0 = MinSizeRel|Win32
		{E04527A7-D5FD-33C5-A080-5B8CEE46D136}.RelWithDebInfo|Win32.ActiveCfg = RelWithDebInfo|Win32
		{E04527A7-D5FD-33C5-A080-5B8CEE46D136}.RelWithDebInfo|Win32.Build.0 = RelWithDebInfo|Win32
		{2C628821-2CFB-3D44-9C41-DF09AC5750B3}.Debug|Win32.ActiveCfg = Debug|Win32
		{2C628821-2CFB-3D44-9C41-DF09AC5750B3}.Debug|Win32.Build.0 = Debug|Win32
		{2C628821-2CFB-3D44-9C41-DF09AC5750B3}.Release|Win32.ActiveCfg = Release|Win32
		{2C628821-2CFB-3D44-9C41-DF09AC5750B3}.Release|Win32.Build.0 = Release|Win32
		{2C628821-2CFB-3D44-9C41-DF09AC5750B3}.MinSizeRel|Win32.ActiveCfg = MinSizeRel|Win32
		{2C628821-2CFB-3D44-9C41-DF09AC5750B3}.MinSizeRel|Win32.Build.0 = MinSizeRel|Win32
		{2C628821-2CFB-3D44-9C41-DF09AC5750B3}.RelWithDebInfo|Win32.ActiveCfg = RelWithDebInfo|Win32
		{2C628821-2CFB-3D44-9C41-DF09AC5750B3}.RelWithDebInfo|Win32.Build.0 = RelWithDebInfo|Win32
		{8B7227F5-FD4F-3B70-B5E5-5501E168535A}.Debug|Win32.ActiveCfg = Debug|Win32
		{8B7227F5-FD4F-3B70-B5E5-5501E168535A}.Debug|Win32.Build.0 = Debug|Win32
		{8B7227F5-FD4F-3B70-B5E5-5501E168535A}.Release|Win32.ActiveCfg = Release|Win32
		{8B7227F5-FD4F-3B70-B5E5-5501E168535A}.Release|Win32.Build.0 = Release|Win32
		{8B7227F5-FD4F-3B70-B5E5-5501E168535A}.MinSizeRel|Win32.ActiveCfg = MinSizeRel|Win32
		{8B7227F5-FD4F-3B70-B5E5-5501E168535A}.MinSizeRel|Win32.Build.0 = MinSizeRel|Win32
		{8B7227F5-FD4F-3B70-B5E5-5501E168535A}.RelWithDebInfo|Win32.ActiveCfg = RelWithDebInfo|Win32
		{8B7227F5-FD4F-3B70-B5E5-5501E168535A}.RelWithDebInfo|Win32.Build.0 = RelWithDebInfo|Win32
		{1CEDAB36-2C52-3BB5-83E7-56D1D257BAAF}.Debug|Win32.ActiveCfg = Debug|Win32
		{1CEDAB36-2C52-3BB5-83E7-56D1D257BAAF}.Debug|Win32.Build.0 = Debug|Win32
		{1CEDAB36-2C52-3BB5-83E7-56D1D257BAAF}.Release|Win32.ActiveCfg = Release|Win32
		{1CEDAB36-2C52-3BB5-83E7-56D1D257BAAF}.Release|Win32.Build.0 = Release|Win32
		{1CEDAB36-2C52-3BB5-83E7-56D1D257BAAF}.MinSizeRel|Win32.ActiveCfg = MinSizeRel|Win32
		{1CEDAB36-2C52-3BB5-83E7-56D1D257BAAF}.MinSizeRel|Win32.Build.0 = MinSizeRel|Win32
		{1CEDAB36-2C52-3BB5-83E7-56D1D257BAAF}.RelWithDebInfo|Win32.ActiveCfg = RelWithDebInfo|Win32
		{1CEDAB36-2C52-3BB5-83E7-56D1D257BAAF}.RelWithDebInfo|Win32.Build.0 = RelWithDebInfo|Win32
		{2D73CDA8-1C82-3C91-A897-6AAFD9E208D6}.Debug|Win32.ActiveCfg = Debug|Win32
		{2D73CDA8-1C82-3C91-A897-6AAFD9E208D6}.Debug|Win32.Build.0 = Debug|Win32
		{2D73CDA8-1C82-3C91-A897-6AAFD9E208D6}.Release|Win32.ActiveCfg = Release|Win32
		{2D73CDA8-1C82-3C91-A897-6AAFD9E208D6}.Release|Win32.Build.0 = Release|Win32
		{2D73CDA8-1C82-3C91-A897-6AAFD9E208D6}.MinSizeRel|Win32.ActiveCfg = MinSizeRel|Win32
		{2D73CDA8-1C82-3C91-A897-6AAFD9E208D6}.MinSizeRel|Win32.Build.0 = MinSizeRel|Win32
		{2D73CDA8-1C82-3C91-A897-6AAFD9E208D6}.RelWithDebInfo|Win32.ActiveCfg = RelWithDebInfo|Win32
		{2D73CDA8-1C82-3C91-A897-6AAFD9E208D6}.RelWithDebInfo|Win32.Build.0 = RelWithDebInfo|Win32
		{7CEA64E1-7AB2-314A-82F7-87422E6619F0}.Debug|Win32.ActiveCfg = Debug|Win32
		{7CEA64E1-7AB2-314A-82F7-87422E6619F0}.Debug|Win32.Build.0 = Debug|Win32
		{7CEA64E1-7AB2-314A-82F7-87422E6619F0}.Release|Win32.ActiveCfg = Release|Win32
		{7CEA64E1-7AB2-314A-82F7-87422E6619F0}.Release|Win32.Build.0 = Release|Win32
		{7CEA64E1-7AB2-314A-82F7-87422E6619F0}.MinSizeRel|Win32.ActiveCfg = MinSizeRel|Win32
		{7CEA64E1-7AB2-314A-82F7-87422E6619F0}.MinSizeRel|Win32.Build.0 = MinSizeRel|Win32
		{7CEA64E1-7AB2-314A-82F7-87422E6619F0}.RelWithDebInfo|Win32.ActiveCfg = RelWithDebInfo|Win32
		{7CEA64E1-7AB2-314A-82F7-87422E6619F0}.RelWithDebInfo|Win32.Build.0 = RelWithDebInfo|Win32
		{4FD5402F-EF95-3150-9F0E-954B2DEB8E0D}.Debug|Win32.ActiveCfg = Debug|Win32
		{4FD5402F-EF95-3150-9F0E-954B2DEB8E0D}.Debug|Win32.Build.0 = Debug|Win32
		{4FD5402F-EF95-3150-9F0E-954B2DEB8E0D}.Release|Win32.ActiveCfg = Release|Win32
		{4FD5402F-EF95-3150-9F0E-954B2DEB8E0D}.Release|Win32.Build.0 = Release|Win32
		{4FD5402F-EF95-3150-9F0E-954B2DEB8E0D}.MinSizeRel|Win32.ActiveCfg = MinSizeRel|Win32
		{4FD5402F-EF95-3150-9F0E-954B2DEB8E0D}.MinSizeRel|Win32.Build.0 = MinSizeRel|Win32
		{4FD5402F-EF95-3150-9F0E-954B2DEB8E0D}.RelWithDebInfo|Win32.ActiveCfg = RelWithDebInfo|Win32
		{4FD5402F-EF95-3150-9F0E-954B2DEB8E0D}.RelWithDebInfo|Win32.Build.0 = RelWithDebInfo|Win32
		{8E8CDE4B-73A1-3E60-BF0B-CFB79C747E3B}.Debug|Win32.ActiveCfg = Debug|Win32
		{8E8CDE4B-73A1-3E60-BF0B-CFB79C747E3B}.Debug|Win32.Build.0 = Debug|Win32
		{8E8CDE4B-73A1-3E60-BF0B-CFB79C747E3B}.Release|Win32.ActiveCfg = Release|Win32
		{8E8CDE4B-73A1-3E60-BF0B-CFB79C747E3B}.Release|Win32.Build.0 = Release|Win32
		{8E8CDE4B-73A1-3E60-BF0B-CFB79C747E3B}.MinSizeRel|Win32.ActiveCfg = MinSizeRel|Win32
		{8E8CDE4B-73A1-3E60-BF0B-CFB79C747E3B}.MinSizeRel|Win32.Build.0 = MinSizeRel|Win32
		{8E8CDE4B-73A1-3E60-BF0B-CFB79C747E3B}.RelWithDebInfo|Win32.ActiveCfg = RelWithDebInfo|Win32
		{8E8CDE4B-73A1-3E60-BF0B-CFB79C747E3B}.RelWithDebInfo|Win32.Build.0 = RelWithDebInfo|Win32
		{5A2896D0-03DC-3524-880E-73CD9C595F6A}.Debug|Win32.ActiveCfg = Debug|Win32
		{5A2896D0-03DC-3524-880E-73CD9C595F6A}.Debug|Win32.Build.0 = Debug|Win32
		{5A2896D0-03DC-3524-880E-73CD9C595F6A}.Release|Win32.ActiveCfg = Release|Win32
		{5A2896D0-03DC-3524-880E-73CD9C595F6A}.Release|Win32.Build.0 = Release|Win32
		{5A2896D0-03DC-3524-880E-73CD9C595F6A}.MinSizeRel|Win32.ActiveCfg = MinSizeRel|Win32
		{5A2896D0-03DC-3524-880E-73CD9C595F6A}.MinSizeRel|Win32.Build.0 = MinSizeRel|Win32
		{5A2896D0-03DC-3524-880E-73CD9C595F6A}.RelWithDebInfo|Win32.ActiveCfg = RelWithDebInfo|Win32
		{5A2896D0-03DC-3524-880E-73CD9C595F6A}.RelWithDebInfo|Win32.Build.0 = RelWithDebInfo|Win32
		{C1EE19A4-FAF3-3AC0-9C28-605F5F090592}.Debug|Win32.ActiveCfg = Debug|Win32
		{C1EE19A4-FAF3-3AC0-9C28-605F5F090592}.Debug|Win32.Build.0 = Debug|Win32
		{C1EE19A4-FAF3-3AC0-9C28-605F5F090592}.Release|Win32.ActiveCfg = Release|Win32
		{C1EE19A4-FAF3-3AC0-9C28-605F5F090592}.Release|Win32.Build.0 = Release|Win32
		{C1EE19A4-FAF3-3AC0-9C28-605F5F090592}.MinSizeRel|Win32.ActiveCfg = MinSizeRel|Win32
		{C1EE19A4-FAF3-3AC0-9C28-605F5F090592}.MinSizeRel|Win32.Build.0 = MinSizeRel|Win32
		{C1EE19A4-FAF3-3AC0-9C28-605F5F090592}.RelWithDebInfo|Win32.ActiveCfg = RelWithDebInfo|Win32
		{C1EE19A4-FAF3-3AC0-9C28-605F5F090592}.RelWithDebInfo|Win32.Build.0 = RelWithDebInfo|Win32
		{DA2E559A-76ED-3BE1-87A1-BDD30CED6E29}.Debug|Win32.ActiveCfg = Debug|Win32
		{DA2E559A-76ED-3BE1-87A1-BDD30CED6E29}.Debug|Win32.Build.0 = Debug|Win32
		{DA2E559A-76ED-3BE1-87A1-BDD30CED6E29}.Release|Win32.ActiveCfg = Release|Win32
		{DA2E559A-76ED-3BE1-87A1-BDD30CED6E29}.Release|Win32.Build.0 = Release|Win32
		{DA2E559A-76ED-3BE1-87A1-BDD30CED6E29}.MinSizeRel|Win32.ActiveCfg = MinSizeRel|Win32
		{DA2E559A-76ED-3BE1-87A1-BDD30CED6E29}.MinSizeRel|Win32.Build.0 = MinSizeRel|Win32
		{DA2E559A-76ED-3BE1-87A1-BDD30CED6E29}.RelWithDebInfo|Win32.ActiveCfg = RelWithDebInfo|Win32
		{DA2E559A-76ED-3BE1-87A1-BDD30CED6E29}.RelWithDebInfo|Win32.Build.0 = RelWithDebInfo|Win32
		{D4BC48FD-5159-34B2-8A80-74407590E7C7}.Debug|Win32.ActiveCfg = Debug|Win32
		{D4BC48FD-5159-34B2-8A80-74407590E7C7}.Debug|Win32.Build.0 = Debug|Win32
		{D4BC48FD-5159-34B2-8A80-74407590E7C7}.Release|Win32.ActiveCfg = Release|Win32
		{D4BC48FD-5159-34B2-8A80-74407590E7C7}.Release|Win32.Build.0 = Release|Win32
		{D4BC48FD-5159-34B2-8A80-74407590E7C7}.MinSizeRel|Win32.ActiveCfg = MinSizeRel|Win32
		{D4BC48FD-5159-34B2-8A80-74407590E7C7}.MinSizeRel|Win32.Build.0 = MinSizeRel|Win32
		{D4BC48FD-5159-34B2-8A80-74407590E7C7}.RelWithDebInfo|Win32.ActiveCfg = RelWithDebInfo|Win32
		{D4BC48FD-5159-34B2-8A80-74407590E7C7}.RelWithDebInfo|Win32.Build.0 = RelWithDebInfo|Win32
		{3336FA45-A92D-3DCF-A00D-E4C6EF57D8F7}.Debug|Win32.ActiveCfg = Debug|Win32
		{3336FA45-A92D-3DCF-A00D-E4C6EF57D8F7}.Debug|Win32.Build.0 = Debug|Win32
		{3336FA45-A92D-3DCF-A00D-E4C6EF57D8F7}.Release|Win32.ActiveCfg = Release|Win32
		{3336FA45-A92D-3DCF-A00D-E4C6EF57D8F7}.Release|Win32.Build.0 = Release|Win32
		{3336FA45-A92D-3DCF-A00D-E4C6EF57D8F7}.MinSizeRel|Win32.ActiveCfg = MinSizeRel|Win32
		{3336FA45-A92D-3DCF-A00D-E4C6EF57D8F7}.MinSizeRel|Win32.Build.0 = MinSizeRel|Win32
		{3336FA45-A92D-3DCF-A00D-E4C6EF57D8F7}.RelWithDebInfo|Win32.ActiveCfg = RelWithDebInfo|Win32
		{3336FA45-A92D-3DCF-A00D-E4C6EF57D8F7}.RelWithDebInfo|Win32.Build.0 = RelWithDebInfo|Win32
		{8968D5AC-B125-3300-A8EE-B416949562AD}.Debug|Win32.ActiveCfg = Debug|Win32
		{8968D5AC-B125-3300-A8EE-B416949562AD}.Debug|Win32.Build.0 = Debug|Win32
		{8968D5AC-B125-3300-A8EE-B416949562AD}.Release|Win32.ActiveCfg = Release|Win32
		{8968D5AC-B125-3300-A8EE-B416949562AD}.Release|Win32.Build.0 = Release|Win32
		{8968D5AC-B125-3300-A8EE-B416949562AD}.MinSizeRel|Win32.ActiveCfg = MinSizeRel|Win32
		{8968D5AC-B125-3300-A8EE-B416949562AD}.MinSizeRel|Win32.Build.0 = MinSizeRel|Win32
		{8968D5AC-B125-3300-A8EE-B416949562AD}.RelWithDebInfo|Win32.ActiveCfg = RelWithDebInfo|Win32
		{8968D5AC-B125-3300-A8EE-B416949562AD}.RelWithDebInfo|Win32.Build.0 = RelWithDebInfo|Win32
		{334B10CA-BDD7-3D21-B7A8-6FF83964BB9B}.Debug|Win32.ActiveCfg = Debug|Win32
		{334B10CA-BDD7-3D21-B7A8-6FF83964BB9B}.Release|Win32.ActiveCfg = Release|Win32
		{334B10CA-BDD7-3D21-B7A8-6FF83964BB9B}.MinSizeRel|Win32.ActiveCfg = MinSizeRel|Win32
		{334B10CA-BDD7-3D21-B7A8-6FF83964BB9B}.RelWithDebInfo|Win32.ActiveCfg = RelWithDebInfo|Win32
		{4BD11F21-733B-3646-BFE7-563CD9E9845F}.Debug|Win32.ActiveCfg = Debug|Win32
		{4BD11F21-733B-3646-BFE7-563CD9E9845F}.Debug|Win32.Build.0 = Debug|Win32
		{4BD11F21-733B-3646-BFE7-563CD9E9845F}.Release|Win32.ActiveCfg = Release|Win32
		{4BD11F21-733B-3646-BFE7-563CD9E9845F}.Release|Win32.Build.0 = Release|Win32
		{4BD11F21-733B-3646-BFE7-563CD9E9845F}.MinSizeRel|Win32.ActiveCfg = MinSizeRel|Win32
		{4BD11F21-733B-3646-BFE7-563CD9E9845F}.MinSizeRel|Win32.Build.0 = MinSizeRel|Win32
		{4BD11F21-733B-3646-BFE7-563CD9E9845F}.RelWithDebInfo|Win32.ActiveCfg = RelWithDebInfo|Win32
		{4BD11F21-733B-3646-BFE7-563CD9E9845F}.RelWithDebInfo|Win32.Build.0 = RelWithDebInfo|Win32
		{6FE8270C-D332-31C7-9A58-42F37FC0432C}.Debug|Win32.ActiveCfg = Debug|Win32
		{6FE8270C-D332-31C7-9A58-42F37FC0432C}.Debug|Win32.Build.0 = Debug|Win32
		{6FE8270C-D332-31C7-9A58-42F37FC0432C}.Release|Win32.ActiveCfg = Release|Win32
		{6FE8270C-D332-31C7-9A58-42F37FC0432C}.Release|Win32.Build.0 = Release|Win32
		{6FE8270C-D332-31C7-9A58-42F37FC0432C}.MinSizeRel|Win32.ActiveCfg = MinSizeRel|Win32
		{6FE8270C-D332-31C7-9A58-42F37FC0432C}.MinSizeRel|Win32.Build.0 = MinSizeRel|Win32
		{6FE8270C-D332-31C7-9A58-42F37FC0432C}.RelWithDebInfo|Win32.ActiveCfg = RelWithDebInfo|Win32
		{6FE8270C-D332-31C7-9A58-42F37FC0432C}.RelWithDebInfo|Win32.Build.0 = RelWithDebInfo|Win32
	EndGlobalSection
	GlobalSection(NestedProjects) = preSolution
		{1880F2AF-1D2C-33F8-905E-79026B571FC9} = {5D9AAFFF-0E8E-32F6-BFCC-540DB8D8E23F}
		{E4557E6B-90A4-3A34-B69C-168F2C8514A3} = {5D9AAFFF-0E8E-32F6-BFCC-540DB8D8E23F}
		{27B49A38-6648-3FFD-959E-48F0CDCC6CD6} = {5D9AAFFF-0E8E-32F6-BFCC-540DB8D8E23F}
		{0130A00D-A9CD-3FFF-B7CD-9FE1696CAA4E} = {BCC249A6-E6A7-31DC-A586-51C9A1A33F7C}
		{F9B385B8-4E7C-3156-AD90-9367ADEED3D2} = {BCC249A6-E6A7-31DC-A586-51C9A1A33F7C}
		{FA2D91D4-EB45-36EA-9871-84CD57E876B0} = {BCC249A6-E6A7-31DC-A586-51C9A1A33F7C}
		{334B10CA-BDD7-3D21-B7A8-6FF83964BB9B} = {BCC249A6-E6A7-31DC-A586-51C9A1A33F7C}
		{CEDF8699-6045-3E0B-95BB-1563845427E9} = {0130A00D-A9CD-3FFF-B7CD-9FE1696CAA4E}
		{F5A5A004-0571-34F8-A3CA-7441DA12A598} = {0130A00D-A9CD-3FFF-B7CD-9FE1696CAA4E}
		{CB7F8B17-08A6-311A-AD94-C980858B28B3} = {0130A00D-A9CD-3FFF-B7CD-9FE1696CAA4E}
		{1CEDAB36-2C52-3BB5-83E7-56D1D257BAAF} = {0130A00D-A9CD-3FFF-B7CD-9FE1696CAA4E}
		{7CEA64E1-7AB2-314A-82F7-87422E6619F0} = {0130A00D-A9CD-3FFF-B7CD-9FE1696CAA4E}
		{8E8CDE4B-73A1-3E60-BF0B-CFB79C747E3B} = {0130A00D-A9CD-3FFF-B7CD-9FE1696CAA4E}
		{5A2896D0-03DC-3524-880E-73CD9C595F6A} = {0130A00D-A9CD-3FFF-B7CD-9FE1696CAA4E}
		{C1EE19A4-FAF3-3AC0-9C28-605F5F090592} = {0130A00D-A9CD-3FFF-B7CD-9FE1696CAA4E}
		{4BD11F21-733B-3646-BFE7-563CD9E9845F} = {0130A00D-A9CD-3FFF-B7CD-9FE1696CAA4E}
		{8898487E-2BC6-37CC-BF93-43771C80DE10} = {F9B385B8-4E7C-3156-AD90-9367ADEED3D2}
		{D66610D7-1868-3DD2-83BE-EE29714AF612} = {F9B385B8-4E7C-3156-AD90-9367ADEED3D2}
		{61A2253A-A350-3ABF-9155-F72D66C9A16D} = {F9B385B8-4E7C-3156-AD90-9367ADEED3D2}
		{61C5C4BC-7CFF-3EED-85F0-5D2F3725B27A} = {F9B385B8-4E7C-3156-AD90-9367ADEED3D2}
		{4AD8B6E8-8AF0-3BC6-8B44-FF14D0AC9A95} = {F9B385B8-4E7C-3156-AD90-9367ADEED3D2}
		{1D769407-79D6-300D-8758-5F650849AD5E} = {F9B385B8-4E7C-3156-AD90-9367ADEED3D2}
		{936310D7-61C2-3523-8350-03A59126250C} = {F9B385B8-4E7C-3156-AD90-9367ADEED3D2}
		{BD4FDEBC-A3A4-3B3F-B502-B87B56E77180} = {F9B385B8-4E7C-3156-AD90-9367ADEED3D2}
		{6F9167CF-99DD-3E92-BE4A-CA3BBBDC268E} = {F9B385B8-4E7C-3156-AD90-9367ADEED3D2}
		{E04527A7-D5FD-33C5-A080-5B8CEE46D136} = {F9B385B8-4E7C-3156-AD90-9367ADEED3D2}
		{2C628821-2CFB-3D44-9C41-DF09AC5750B3} = {F9B385B8-4E7C-3156-AD90-9367ADEED3D2}
		{8B7227F5-FD4F-3B70-B5E5-5501E168535A} = {F9B385B8-4E7C-3156-AD90-9367ADEED3D2}
		{2D73CDA8-1C82-3C91-A897-6AAFD9E208D6} = {F9B385B8-4E7C-3156-AD90-9367ADEED3D2}
		{4FD5402F-EF95-3150-9F0E-954B2DEB8E0D} = {F9B385B8-4E7C-3156-AD90-9367ADEED3D2}
		{DA2E559A-76ED-3BE1-87A1-BDD30CED6E29} = {F9B385B8-4E7C-3156-AD90-9367ADEED3D2}
		{D4BC48FD-5159-34B2-8A80-74407590E7C7} = {F9B385B8-4E7C-3156-AD90-9367ADEED3D2}
		{3336FA45-A92D-3DCF-A00D-E4C6EF57D8F7} = {F9B385B8-4E7C-3156-AD90-9367ADEED3D2}
		{8968D5AC-B125-3300-A8EE-B416949562AD} = {F9B385B8-4E7C-3156-AD90-9367ADEED3D2}
		{6FE8270C-D332-31C7-9A58-42F37FC0432C} = {F9B385B8-4E7C-3156-AD90-9367ADEED3D2}
	EndGlobalSection
	GlobalSection(ExtensibilityGlobals) = postSolution
		SolutionGuid = {A428C941-6050-33B4-9050-12DBCA7D2EA2}
	EndGlobalSection
	GlobalSection(ExtensibilityAddIns) = postSolution
	EndGlobalSection
EndGlobal
